
Microsoft Visual Studio Solution File, Format Version 12.00
# Visual Studio Version 17
VisualStudioVersion = 17.8.34330.188
MinimumVisualStudioVersion = 10.0.40219.1
Project("{FAE04EC0-301F-11D3-BF4B-00C04F79EFBC}") = "RoleBasedAuthorization", "RoleBasedAuthorization\RoleBasedAuthorization.csproj", "{F3336F99-EC73-4A10-B047-ACEB891BD3FF}"
EndProject
Global
	GlobalSection(SolutionConfigurationPlatforms) = preSolution
		Debug|Any CPU = Debug|Any CPU
		Release|Any CPU = Release|Any CPU
	EndGlobalSection
	GlobalSection(ProjectConfigurationPlatforms) = postSolution
		{F3336F99-EC73-4A10-B047-ACEB891BD3FF}.Debug|Any CPU.ActiveCfg = Debug|Any CPU
		{F3336F99-EC73-4A10-B047-ACEB891BD3FF}.Debug|Any CPU.Build.0 = Debug|Any CPU
		{F3336F99-EC73-4A10-B047-ACEB891BD3FF}.Release|Any CPU.ActiveCfg = Release|Any CPU
		{F3336F99-EC73-4A10-B047-ACEB891BD3FF}.Release|Any CPU.Build.0 = Release|Any CPU
	EndGlobalSection
	GlobalSection(SolutionProperties) = preSolution
		HideSolutionNode = FALSE
	EndGlobalSection
	GlobalSection(ExtensibilityGlobals) = postSolution
		SolutionGuid = {9FCB993B-09EE-4453-A9E3-703E7DA31DCE}
	EndGlobalSection
EndGlobal
